{
  "name": "miszki",
  "version": "0.0.1",
  "lockfileVersion": 1,
  "requires": true,
  "dependencies": {
    "bitset": {
      "version": "5.1.1",
      "resolved": "https://registry.npmjs.org/bitset/-/bitset-5.1.1.tgz",
      "integrity": "sha512-oKaRp6mzXedJ1Npo86PKhWfDelI6HxxJo+it9nAcBB0HLVvYVp+5i6yj6DT5hfFgo+TS5T57MRWtw8zhwdTs3g=="
    },
    "lodash": {
      "version": "4.17.19",
      "resolved": "https://registry.npmjs.org/lodash/-/lodash-4.17.19.tgz",
      "integrity": "sha512-JNvd8XER9GQX0v2qJgsaN/mzFCNA5BRe/j8JN9d+tWyGLSodKQHKFicdwNYzWwI3wjRnaKPsGj1XkBjx/F96DQ=="
    },
    "node-gost": {
      "version": "1.0.2",
      "resolved": "https://registry.npmjs.org/node-gost/-/node-gost-1.0.2.tgz",
      "integrity": "sha512-ZStcO+brbGrAwZVTufqlCQ04uwXi/A+XfeAb32BbI97aK3qMnj8mg8tEllbzJ52pK4glL9hO3QxRRqNjniO5Tg==",
      "requires": {
        "lodash": "^4.17.10"
      }
    }
  }
}
