{
  "name": "miszki",
  "version": "0.0.1",
  "lockfileVersion": 1,
  "requires": true,
  "dependencies": {
    "lodash": {
      "version": "4.17.15",
      "resolved": "https://registry.npmjs.org/lodash/-/lodash-4.17.15.tgz",
      "integrity": "sha512-8xOcRHvCjnocdS5cpwXQXVzmmh5e5+saE2QGoeQmbKmRS6J3VQppPOIt0MnmE+4xlZoumy0GPG0D0MVIQbNA1A=="
    },
    "node-gost": {
      "version": "1.0.2",
      "resolved": "https://registry.npmjs.org/node-gost/-/node-gost-1.0.2.tgz",
      "integrity": "sha512-ZStcO+brbGrAwZVTufqlCQ04uwXi/A+XfeAb32BbI97aK3qMnj8mg8tEllbzJ52pK4glL9hO3QxRRqNjniO5Tg==",
      "requires": {
        "lodash": "^4.17.10"
      }
    }
  }
}
